// !$*UTF8*$!
{
	archiveVersion = 1;
	classes = {
	};
	objectVersion = 50;
	objects = {

/* Begin PBXBuildFile section */
		14B0AF31DD91E02EDA60A387 /* libPods-Foundation.a in Frameworks */ = {isa = PBXBuildFile; fileRef = 50827723E6CBFB10BC589811 /* libPods-Foundation.a */; };
		DF17E28820F86A9A00FC8141 /* YSActionSheetView.m in Sources */ = {isa = PBXBuildFile; fileRef = DF17E28520F86A9900FC8141 /* YSActionSheetView.m */; };
		DF17E28920F86A9A00FC8141 /* YSActionSheetButton.m in Sources */ = {isa = PBXBuildFile; fileRef = DF17E28620F86A9900FC8141 /* YSActionSheetButton.m */; };
		DF17E28A20F86A9A00FC8141 /* ShareTableViewCell.m in Sources */ = {isa = PBXBuildFile; fileRef = DF17E28720F86A9900FC8141 /* ShareTableViewCell.m */; };
		DF17E29120F86F7E00FC8141 /* ViewController.xib in Resources */ = {isa = PBXBuildFile; fileRef = DF17E28C20F86F7C00FC8141 /* ViewController.xib */; };
		DF17E29220F86F7E00FC8141 /* AViewController.m in Sources */ = {isa = PBXBuildFile; fileRef = DF17E28E20F86F7D00FC8141 /* AViewController.m */; };
		DF17E29320F86F7E00FC8141 /* formatA.json in Resources */ = {isa = PBXBuildFile; fileRef = DF17E28F20F86F7D00FC8141 /* formatA.json */; };
		DF17E29A20F8711D00FC8141 /* ParamConstant.m in Sources */ = {isa = PBXBuildFile; fileRef = DF17E29620F8711D00FC8141 /* ParamConstant.m */; };
		DF17E29B20F8711D00FC8141 /* PortConstant.m in Sources */ = {isa = PBXBuildFile; fileRef = DF17E29720F8711D00FC8141 /* PortConstant.m */; };
		DF17E2A120F8A00100FC8141 /* ViewController.m in Sources */ = {isa = PBXBuildFile; fileRef = DF17E2A020F8A00100FC8141 /* ViewController.m */; };
		DF64ADD820FD882E0073019F /* UINavigationBar+Awesome.m in Sources */ = {isa = PBXBuildFile; fileRef = DF64ADD720FD882D0073019F /* UINavigationBar+Awesome.m */; };
		DF64ADDC20FD89450073019F /* AZBGColorDemoViewController.m in Sources */ = {isa = PBXBuildFile; fileRef = DF64ADDB20FD89450073019F /* AZBGColorDemoViewController.m */; };
		DF64ADDE20FD895A0073019F /* AZBGColorDemoViewController.storyboard in Resources */ = {isa = PBXBuildFile; fileRef = DF64ADDD20FD895A0073019F /* AZBGColorDemoViewController.storyboard */; };
		DF64ADE120FDCB050073019F /* AZNetworkManager.m in Sources */ = {isa = PBXBuildFile; fileRef = DF64ADE020FDCB050073019F /* AZNetworkManager.m */; };
		DF64ADE520FDCBAE0073019F /* MBProgressHUD+AZ.m in Sources */ = {isa = PBXBuildFile; fileRef = DF64ADE420FDCBAE0073019F /* MBProgressHUD+AZ.m */; };
		DF9DDB7120F5CD1300C45C23 /* AppDelegate.m in Sources */ = {isa = PBXBuildFile; fileRef = DF9DDB7020F5CD1300C45C23 /* AppDelegate.m */; };
		DF9DDB7720F5CD1300C45C23 /* Main.storyboard in Resources */ = {isa = PBXBuildFile; fileRef = DF9DDB7520F5CD1300C45C23 /* Main.storyboard */; };
		DF9DDB7A20F5CD1300C45C23 /* Foundation.xcdatamodeld in Sources */ = {isa = PBXBuildFile; fileRef = DF9DDB7820F5CD1300C45C23 /* Foundation.xcdatamodeld */; };
		DF9DDB7C20F5CD1400C45C23 /* Assets.xcassets in Resources */ = {isa = PBXBuildFile; fileRef = DF9DDB7B20F5CD1400C45C23 /* Assets.xcassets */; };
		DF9DDB7F20F5CD1400C45C23 /* LaunchScreen.storyboard in Resources */ = {isa = PBXBuildFile; fileRef = DF9DDB7D20F5CD1400C45C23 /* LaunchScreen.storyboard */; };
		DF9DDB8220F5CD1400C45C23 /* main.m in Sources */ = {isa = PBXBuildFile; fileRef = DF9DDB8120F5CD1400C45C23 /* main.m */; };
		DF9DDB8C20F5CD1400C45C23 /* FoundationTests.m in Sources */ = {isa = PBXBuildFile; fileRef = DF9DDB8B20F5CD1400C45C23 /* FoundationTests.m */; };
		DF9DDB9720F5CD1400C45C23 /* FoundationUITests.m in Sources */ = {isa = PBXBuildFile; fileRef = DF9DDB9620F5CD1400C45C23 /* FoundationUITests.m */; };
		DF9DDBAF20F5D08400C45C23 /* UIColor+Category.m in Sources */ = {isa = PBXBuildFile; fileRef = DF9DDBAE20F5D08400C45C23 /* UIColor+Category.m */; };
		DF9DDBB220F5D0FA00C45C23 /* UIAlertController+Package.m in Sources */ = {isa = PBXBuildFile; fileRef = DF9DDBB120F5D0FA00C45C23 /* UIAlertController+Package.m */; };
		DF9DDBBB20F5E35500C45C23 /* InfoPlist.strings in Resources */ = {isa = PBXBuildFile; fileRef = DF9DDBBD20F5E35500C45C23 /* InfoPlist.strings */; };
		DF9DDBC820F5E57C00C45C23 /* Localizable.strings in Resources */ = {isa = PBXBuildFile; fileRef = DF9DDBCA20F5E57C00C45C23 /* Localizable.strings */; };
		DF9DDBD320F5E77500C45C23 /* GTMBase64.m in Sources */ = {isa = PBXBuildFile; fileRef = DF9DDBD020F5E77400C45C23 /* GTMBase64.m */; };
		DF9DDBD420F5E77500C45C23 /* JKEncrypt.m in Sources */ = {isa = PBXBuildFile; fileRef = DF9DDBD220F5E77500C45C23 /* JKEncrypt.m */; };
		DF9DDBD720F5E89D00C45C23 /* NSString+Base64After3DES.m in Sources */ = {isa = PBXBuildFile; fileRef = DF9DDBD620F5E89D00C45C23 /* NSString+Base64After3DES.m */; };
		DF9DDBDA20F5EB8100C45C23 /* NSString+Secret.m in Sources */ = {isa = PBXBuildFile; fileRef = DF9DDBD920F5EB8100C45C23 /* NSString+Secret.m */; };
		DF9DDBE020F5F02900C45C23 /* AZNavigationController.m in Sources */ = {isa = PBXBuildFile; fileRef = DF9DDBDF20F5F02900C45C23 /* AZNavigationController.m */; };
		DF9DDBE320F5F37300C45C23 /* AZViewController.m in Sources */ = {isa = PBXBuildFile; fileRef = DF9DDBE220F5F37300C45C23 /* AZViewController.m */; };
		DF9DDBE720F5F40A00C45C23 /* UICustomBarBtnItem.m in Sources */ = {isa = PBXBuildFile; fileRef = DF9DDBE620F5F40A00C45C23 /* UICustomBarBtnItem.m */; };
		DF9DDBEA20F5F5AA00C45C23 /* AZBlankView.m in Sources */ = {isa = PBXBuildFile; fileRef = DF9DDBE920F5F5AA00C45C23 /* AZBlankView.m */; };
		DF9DDBED20F5FC0600C45C23 /* AZPublicToos.m in Sources */ = {isa = PBXBuildFile; fileRef = DF9DDBEC20F5FC0600C45C23 /* AZPublicToos.m */; };
/* End PBXBuildFile section */

/* Begin PBXContainerItemProxy section */
		DF9DDB8820F5CD1400C45C23 /* PBXContainerItemProxy */ = {
			isa = PBXContainerItemProxy;
			containerPortal = DF9DDB6420F5CD1300C45C23 /* Project object */;
			proxyType = 1;
			remoteGlobalIDString = DF9DDB6B20F5CD1300C45C23;
			remoteInfo = Foundation;
		};
		DF9DDB9320F5CD1400C45C23 /* PBXContainerItemProxy */ = {
			isa = PBXContainerItemProxy;
			containerPortal = DF9DDB6420F5CD1300C45C23 /* Project object */;
			proxyType = 1;
			remoteGlobalIDString = DF9DDB6B20F5CD1300C45C23;
			remoteInfo = Foundation;
		};
/* End PBXContainerItemProxy section */

/* Begin PBXFileReference section */
		0D64D39F0AA23E3A41A29B34 /* Pods-Foundation.release.xcconfig */ = {isa = PBXFileReference; includeInIndex = 1; lastKnownFileType = text.xcconfig; name = "Pods-Foundation.release.xcconfig"; path = "Pods/Target Support Files/Pods-Foundation/Pods-Foundation.release.xcconfig"; sourceTree = "<group>"; };
		46F52D2C7B4C1B85C33D0A74 /* Pods-Foundation.debug.xcconfig */ = {isa = PBXFileReference; includeInIndex = 1; lastKnownFileType = text.xcconfig; name = "Pods-Foundation.debug.xcconfig"; path = "Pods/Target Support Files/Pods-Foundation/Pods-Foundation.debug.xcconfig"; sourceTree = "<group>"; };
		50827723E6CBFB10BC589811 /* libPods-Foundation.a */ = {isa = PBXFileReference; explicitFileType = archive.ar; includeInIndex = 0; path = "libPods-Foundation.a"; sourceTree = BUILT_PRODUCTS_DIR; };
		DF17E28220F86A9900FC8141 /* YSActionSheetView.h */ = {isa = PBXFileReference; fileEncoding = 4; lastKnownFileType = sourcecode.c.h; path = YSActionSheetView.h; sourceTree = "<group>"; };
		DF17E28320F86A9900FC8141 /* YSActionSheetButton.h */ = {isa = PBXFileReference; fileEncoding = 4; lastKnownFileType = sourcecode.c.h; path = YSActionSheetButton.h; sourceTree = "<group>"; };
		DF17E28420F86A9900FC8141 /* ShareTableViewCell.h */ = {isa = PBXFileReference; fileEncoding = 4; lastKnownFileType = sourcecode.c.h; path = ShareTableViewCell.h; sourceTree = "<group>"; };
		DF17E28520F86A9900FC8141 /* YSActionSheetView.m */ = {isa = PBXFileReference; fileEncoding = 4; lastKnownFileType = sourcecode.c.objc; path = YSActionSheetView.m; sourceTree = "<group>"; };
		DF17E28620F86A9900FC8141 /* YSActionSheetButton.m */ = {isa = PBXFileReference; fileEncoding = 4; lastKnownFileType = sourcecode.c.objc; path = YSActionSheetButton.m; sourceTree = "<group>"; };
		DF17E28720F86A9900FC8141 /* ShareTableViewCell.m */ = {isa = PBXFileReference; fileEncoding = 4; lastKnownFileType = sourcecode.c.objc; path = ShareTableViewCell.m; sourceTree = "<group>"; };
		DF17E28C20F86F7C00FC8141 /* ViewController.xib */ = {isa = PBXFileReference; fileEncoding = 4; lastKnownFileType = file.xib; path = ViewController.xib; sourceTree = "<group>"; };
		DF17E28D20F86F7D00FC8141 /* AViewController.h */ = {isa = PBXFileReference; fileEncoding = 4; lastKnownFileType = sourcecode.c.h; path = AViewController.h; sourceTree = "<group>"; };
		DF17E28E20F86F7D00FC8141 /* AViewController.m */ = {isa = PBXFileReference; fileEncoding = 4; lastKnownFileType = sourcecode.c.objc; path = AViewController.m; sourceTree = "<group>"; };
		DF17E28F20F86F7D00FC8141 /* formatA.json */ = {isa = PBXFileReference; fileEncoding = 4; lastKnownFileType = text.json; path = formatA.json; sourceTree = "<group>"; };
		DF17E29620F8711D00FC8141 /* ParamConstant.m */ = {isa = PBXFileReference; fileEncoding = 4; lastKnownFileType = sourcecode.c.objc; path = ParamConstant.m; sourceTree = "<group>"; };
		DF17E29720F8711D00FC8141 /* PortConstant.m */ = {isa = PBXFileReference; fileEncoding = 4; lastKnownFileType = sourcecode.c.objc; path = PortConstant.m; sourceTree = "<group>"; };
		DF17E29820F8711D00FC8141 /* ParamConstant.h */ = {isa = PBXFileReference; fileEncoding = 4; lastKnownFileType = sourcecode.c.h; path = ParamConstant.h; sourceTree = "<group>"; };
		DF17E29920F8711D00FC8141 /* PortConstant.h */ = {isa = PBXFileReference; fileEncoding = 4; lastKnownFileType = sourcecode.c.h; path = PortConstant.h; sourceTree = "<group>"; };
		DF17E29F20F89FA100FC8141 /* ViewController.h */ = {isa = PBXFileReference; fileEncoding = 4; lastKnownFileType = sourcecode.c.h; path = ViewController.h; sourceTree = "<group>"; };
		DF17E2A020F8A00100FC8141 /* ViewController.m */ = {isa = PBXFileReference; fileEncoding = 4; lastKnownFileType = sourcecode.c.objc; path = ViewController.m; sourceTree = "<group>"; };
		DF64ADD620FD882D0073019F /* UINavigationBar+Awesome.h */ = {isa = PBXFileReference; fileEncoding = 4; lastKnownFileType = sourcecode.c.h; path = "UINavigationBar+Awesome.h"; sourceTree = "<group>"; };
		DF64ADD720FD882D0073019F /* UINavigationBar+Awesome.m */ = {isa = PBXFileReference; fileEncoding = 4; lastKnownFileType = sourcecode.c.objc; path = "UINavigationBar+Awesome.m"; sourceTree = "<group>"; };
		DF64ADD920FD886D0073019F /* ExtensionHeader.h */ = {isa = PBXFileReference; lastKnownFileType = sourcecode.c.h; path = ExtensionHeader.h; sourceTree = "<group>"; };
		DF64ADDA20FD89450073019F /* AZBGColorDemoViewController.h */ = {isa = PBXFileReference; lastKnownFileType = sourcecode.c.h; path = AZBGColorDemoViewController.h; sourceTree = "<group>"; };
		DF64ADDB20FD89450073019F /* AZBGColorDemoViewController.m */ = {isa = PBXFileReference; lastKnownFileType = sourcecode.c.objc; path = AZBGColorDemoViewController.m; sourceTree = "<group>"; };
		DF64ADDD20FD895A0073019F /* AZBGColorDemoViewController.storyboard */ = {isa = PBXFileReference; lastKnownFileType = file.storyboard; path = AZBGColorDemoViewController.storyboard; sourceTree = "<group>"; };
		DF64ADDF20FDCB050073019F /* AZNetworkManager.h */ = {isa = PBXFileReference; lastKnownFileType = sourcecode.c.h; path = AZNetworkManager.h; sourceTree = "<group>"; };
		DF64ADE020FDCB050073019F /* AZNetworkManager.m */ = {isa = PBXFileReference; lastKnownFileType = sourcecode.c.objc; path = AZNetworkManager.m; sourceTree = "<group>"; };
		DF64ADE320FDCBAE0073019F /* MBProgressHUD+AZ.h */ = {isa = PBXFileReference; lastKnownFileType = sourcecode.c.h; path = "MBProgressHUD+AZ.h"; sourceTree = "<group>"; };
		DF64ADE420FDCBAE0073019F /* MBProgressHUD+AZ.m */ = {isa = PBXFileReference; lastKnownFileType = sourcecode.c.objc; path = "MBProgressHUD+AZ.m"; sourceTree = "<group>"; };
		DF9DDB6C20F5CD1300C45C23 /* Foundation.app */ = {isa = PBXFileReference; explicitFileType = wrapper.application; includeInIndex = 0; path = Foundation.app; sourceTree = BUILT_PRODUCTS_DIR; };
		DF9DDB6F20F5CD1300C45C23 /* AppDelegate.h */ = {isa = PBXFileReference; lastKnownFileType = sourcecode.c.h; path = AppDelegate.h; sourceTree = "<group>"; };
		DF9DDB7020F5CD1300C45C23 /* AppDelegate.m */ = {isa = PBXFileReference; lastKnownFileType = sourcecode.c.objc; path = AppDelegate.m; sourceTree = "<group>"; };
		DF9DDB7620F5CD1300C45C23 /* Base */ = {isa = PBXFileReference; lastKnownFileType = file.storyboard; name = Base; path = Base.lproj/Main.storyboard; sourceTree = "<group>"; };
		DF9DDB7920F5CD1300C45C23 /* Foundation.xcdatamodel */ = {isa = PBXFileReference; lastKnownFileType = wrapper.xcdatamodel; path = Foundation.xcdatamodel; sourceTree = "<group>"; };
		DF9DDB7B20F5CD1400C45C23 /* Assets.xcassets */ = {isa = PBXFileReference; lastKnownFileType = folder.assetcatalog; path = Assets.xcassets; sourceTree = "<group>"; };
		DF9DDB7E20F5CD1400C45C23 /* Base */ = {isa = PBXFileReference; lastKnownFileType = file.storyboard; name = Base; path = Base.lproj/LaunchScreen.storyboard; sourceTree = "<group>"; };
		DF9DDB8020F5CD1400C45C23 /* Info.plist */ = {isa = PBXFileReference; lastKnownFileType = text.plist.xml; path = Info.plist; sourceTree = "<group>"; };
		DF9DDB8120F5CD1400C45C23 /* main.m */ = {isa = PBXFileReference; lastKnownFileType = sourcecode.c.objc; path = main.m; sourceTree = "<group>"; };
		DF9DDB8720F5CD1400C45C23 /* FoundationTests.xctest */ = {isa = PBXFileReference; explicitFileType = wrapper.cfbundle; includeInIndex = 0; path = FoundationTests.xctest; sourceTree = BUILT_PRODUCTS_DIR; };
		DF9DDB8B20F5CD1400C45C23 /* FoundationTests.m */ = {isa = PBXFileReference; lastKnownFileType = sourcecode.c.objc; path = FoundationTests.m; sourceTree = "<group>"; };
		DF9DDB8D20F5CD1400C45C23 /* Info.plist */ = {isa = PBXFileReference; lastKnownFileType = text.plist.xml; path = Info.plist; sourceTree = "<group>"; };
		DF9DDB9220F5CD1400C45C23 /* FoundationUITests.xctest */ = {isa = PBXFileReference; explicitFileType = wrapper.cfbundle; includeInIndex = 0; path = FoundationUITests.xctest; sourceTree = BUILT_PRODUCTS_DIR; };
		DF9DDB9620F5CD1400C45C23 /* FoundationUITests.m */ = {isa = PBXFileReference; lastKnownFileType = sourcecode.c.objc; path = FoundationUITests.m; sourceTree = "<group>"; };
		DF9DDB9820F5CD1400C45C23 /* Info.plist */ = {isa = PBXFileReference; lastKnownFileType = text.plist.xml; path = Info.plist; sourceTree = "<group>"; };
		DF9DDBA720F5CDC000C45C23 /* PrefixHeader.pch */ = {isa = PBXFileReference; lastKnownFileType = sourcecode.c.h; path = PrefixHeader.pch; sourceTree = "<group>"; };
		DF9DDBAD20F5D08400C45C23 /* UIColor+Category.h */ = {isa = PBXFileReference; lastKnownFileType = sourcecode.c.h; path = "UIColor+Category.h"; sourceTree = "<group>"; };
		DF9DDBAE20F5D08400C45C23 /* UIColor+Category.m */ = {isa = PBXFileReference; lastKnownFileType = sourcecode.c.objc; path = "UIColor+Category.m"; sourceTree = "<group>"; };
		DF9DDBB020F5D0FA00C45C23 /* UIAlertController+Package.h */ = {isa = PBXFileReference; lastKnownFileType = sourcecode.c.h; path = "UIAlertController+Package.h"; sourceTree = "<group>"; };
		DF9DDBB120F5D0FA00C45C23 /* UIAlertController+Package.m */ = {isa = PBXFileReference; lastKnownFileType = sourcecode.c.objc; path = "UIAlertController+Package.m"; sourceTree = "<group>"; };
		DF9DDBB620F5E19F00C45C23 /* MarcoHeader.h */ = {isa = PBXFileReference; lastKnownFileType = sourcecode.c.h; path = MarcoHeader.h; sourceTree = "<group>"; };
		DF9DDBB720F5E1B500C45C23 /* ColorMarcoHeader.h */ = {isa = PBXFileReference; lastKnownFileType = sourcecode.c.h; path = ColorMarcoHeader.h; sourceTree = "<group>"; };
		DF9DDBB820F5E1D400C45C23 /* ScreenSizeMarcoHeader.h */ = {isa = PBXFileReference; lastKnownFileType = sourcecode.c.h; path = ScreenSizeMarcoHeader.h; sourceTree = "<group>"; };
		DF9DDBBF20F5E3FA00C45C23 /* en */ = {isa = PBXFileReference; lastKnownFileType = text.plist.strings; name = en; path = en.lproj/InfoPlist.strings; sourceTree = "<group>"; };
		DF9DDBC020F5E4A400C45C23 /* zh-Hans */ = {isa = PBXFileReference; lastKnownFileType = text.plist.strings; name = "zh-Hans"; path = "zh-Hans.lproj/Main.strings"; sourceTree = "<group>"; };
		DF9DDBC120F5E4A400C45C23 /* zh-Hans */ = {isa = PBXFileReference; lastKnownFileType = text.plist.strings; name = "zh-Hans"; path = "zh-Hans.lproj/LaunchScreen.strings"; sourceTree = "<group>"; };
		DF9DDBC220F5E4A400C45C23 /* zh-Hans */ = {isa = PBXFileReference; lastKnownFileType = text.plist.strings; name = "zh-Hans"; path = "zh-Hans.lproj/InfoPlist.strings"; sourceTree = "<group>"; };
		DF9DDBC320F5E4AE00C45C23 /* zh-Hant */ = {isa = PBXFileReference; lastKnownFileType = text.plist.strings; name = "zh-Hant"; path = "zh-Hant.lproj/Main.strings"; sourceTree = "<group>"; };
		DF9DDBC420F5E4AE00C45C23 /* zh-Hant */ = {isa = PBXFileReference; lastKnownFileType = text.plist.strings; name = "zh-Hant"; path = "zh-Hant.lproj/LaunchScreen.strings"; sourceTree = "<group>"; };
		DF9DDBC520F5E4AE00C45C23 /* zh-Hant */ = {isa = PBXFileReference; lastKnownFileType = text.plist.strings; name = "zh-Hant"; path = "zh-Hant.lproj/InfoPlist.strings"; sourceTree = "<group>"; };
		DF9DDBC920F5E57C00C45C23 /* en */ = {isa = PBXFileReference; lastKnownFileType = text.plist.strings; name = en; path = en.lproj/Localizable.strings; sourceTree = "<group>"; };
		DF9DDBCB20F5E57F00C45C23 /* zh-Hans */ = {isa = PBXFileReference; lastKnownFileType = text.plist.strings; name = "zh-Hans"; path = "zh-Hans.lproj/Localizable.strings"; sourceTree = "<group>"; };
		DF9DDBCC20F5E58000C45C23 /* zh-Hant */ = {isa = PBXFileReference; lastKnownFileType = text.plist.strings; name = "zh-Hant"; path = "zh-Hant.lproj/Localizable.strings"; sourceTree = "<group>"; };
		DF9DDBCE20F5E77400C45C23 /* JKEncrypt.h */ = {isa = PBXFileReference; fileEncoding = 4; lastKnownFileType = sourcecode.c.h; path = JKEncrypt.h; sourceTree = "<group>"; };
		DF9DDBCF20F5E77400C45C23 /* GTMDefines.h */ = {isa = PBXFileReference; fileEncoding = 4; lastKnownFileType = sourcecode.c.h; path = GTMDefines.h; sourceTree = "<group>"; };
		DF9DDBD020F5E77400C45C23 /* GTMBase64.m */ = {isa = PBXFileReference; fileEncoding = 4; lastKnownFileType = sourcecode.c.objc; path = GTMBase64.m; sourceTree = "<group>"; };
		DF9DDBD120F5E77500C45C23 /* GTMBase64.h */ = {isa = PBXFileReference; fileEncoding = 4; lastKnownFileType = sourcecode.c.h; path = GTMBase64.h; sourceTree = "<group>"; };
		DF9DDBD220F5E77500C45C23 /* JKEncrypt.m */ = {isa = PBXFileReference; fileEncoding = 4; lastKnownFileType = sourcecode.c.objc; path = JKEncrypt.m; sourceTree = "<group>"; };
		DF9DDBD520F5E89D00C45C23 /* NSString+Base64After3DES.h */ = {isa = PBXFileReference; lastKnownFileType = sourcecode.c.h; path = "NSString+Base64After3DES.h"; sourceTree = "<group>"; };
		DF9DDBD620F5E89D00C45C23 /* NSString+Base64After3DES.m */ = {isa = PBXFileReference; lastKnownFileType = sourcecode.c.objc; path = "NSString+Base64After3DES.m"; sourceTree = "<group>"; };
		DF9DDBD820F5EB8100C45C23 /* NSString+Secret.h */ = {isa = PBXFileReference; lastKnownFileType = sourcecode.c.h; path = "NSString+Secret.h"; sourceTree = "<group>"; };
		DF9DDBD920F5EB8100C45C23 /* NSString+Secret.m */ = {isa = PBXFileReference; lastKnownFileType = sourcecode.c.objc; path = "NSString+Secret.m"; sourceTree = "<group>"; };
		DF9DDBDE20F5F02900C45C23 /* AZNavigationController.h */ = {isa = PBXFileReference; lastKnownFileType = sourcecode.c.h; path = AZNavigationController.h; sourceTree = "<group>"; };
		DF9DDBDF20F5F02900C45C23 /* AZNavigationController.m */ = {isa = PBXFileReference; lastKnownFileType = sourcecode.c.objc; path = AZNavigationController.m; sourceTree = "<group>"; };
		DF9DDBE120F5F37300C45C23 /* AZViewController.h */ = {isa = PBXFileReference; lastKnownFileType = sourcecode.c.h; path = AZViewController.h; sourceTree = "<group>"; };
		DF9DDBE220F5F37300C45C23 /* AZViewController.m */ = {isa = PBXFileReference; lastKnownFileType = sourcecode.c.objc; path = AZViewController.m; sourceTree = "<group>"; };
		DF9DDBE520F5F40A00C45C23 /* UICustomBarBtnItem.h */ = {isa = PBXFileReference; lastKnownFileType = sourcecode.c.h; path = UICustomBarBtnItem.h; sourceTree = "<group>"; };
		DF9DDBE620F5F40A00C45C23 /* UICustomBarBtnItem.m */ = {isa = PBXFileReference; lastKnownFileType = sourcecode.c.objc; path = UICustomBarBtnItem.m; sourceTree = "<group>"; };
		DF9DDBE820F5F5AA00C45C23 /* AZBlankView.h */ = {isa = PBXFileReference; lastKnownFileType = sourcecode.c.h; path = AZBlankView.h; sourceTree = "<group>"; };
		DF9DDBE920F5F5AA00C45C23 /* AZBlankView.m */ = {isa = PBXFileReference; lastKnownFileType = sourcecode.c.objc; path = AZBlankView.m; sourceTree = "<group>"; };
		DF9DDBEB20F5FC0600C45C23 /* AZPublicToos.h */ = {isa = PBXFileReference; lastKnownFileType = sourcecode.c.h; path = AZPublicToos.h; sourceTree = "<group>"; };
		DF9DDBEC20F5FC0600C45C23 /* AZPublicToos.m */ = {isa = PBXFileReference; lastKnownFileType = sourcecode.c.objc; path = AZPublicToos.m; sourceTree = "<group>"; };
/* End PBXFileReference section */

/* Begin PBXFrameworksBuildPhase section */
		DF9DDB6920F5CD1300C45C23 /* Frameworks */ = {
			isa = PBXFrameworksBuildPhase;
			buildActionMask = 2147483647;
			files = (
				14B0AF31DD91E02EDA60A387 /* libPods-Foundation.a in Frameworks */,
			);
			runOnlyForDeploymentPostprocessing = 0;
		};
		DF9DDB8420F5CD1400C45C23 /* Frameworks */ = {
			isa = PBXFrameworksBuildPhase;
			buildActionMask = 2147483647;
			files = (
			);
			runOnlyForDeploymentPostprocessing = 0;
		};
		DF9DDB8F20F5CD1400C45C23 /* Frameworks */ = {
			isa = PBXFrameworksBuildPhase;
			buildActionMask = 2147483647;
			files = (
			);
			runOnlyForDeploymentPostprocessing = 0;
		};
/* End PBXFrameworksBuildPhase section */

/* Begin PBXGroup section */
		0A079D7CAD8DBF856B93AF7F /* Frameworks */ = {
			isa = PBXGroup;
			children = (
				50827723E6CBFB10BC589811 /* libPods-Foundation.a */,
			);
			name = Frameworks;
			sourceTree = "<group>";
		};
		BB7C3CCC925B6796D0AF6DE1 /* Pods */ = {
			isa = PBXGroup;
			children = (
				46F52D2C7B4C1B85C33D0A74 /* Pods-Foundation.debug.xcconfig */,
				0D64D39F0AA23E3A41A29B34 /* Pods-Foundation.release.xcconfig */,
			);
			name = Pods;
			sourceTree = "<group>";
		};
		DF17E28120F86A9900FC8141 /* ShareView */ = {
			isa = PBXGroup;
			children = (
				DF17E28220F86A9900FC8141 /* YSActionSheetView.h */,
				DF17E28320F86A9900FC8141 /* YSActionSheetButton.h */,
				DF17E28420F86A9900FC8141 /* ShareTableViewCell.h */,
				DF17E28520F86A9900FC8141 /* YSActionSheetView.m */,
				DF17E28620F86A9900FC8141 /* YSActionSheetButton.m */,
				DF17E28720F86A9900FC8141 /* ShareTableViewCell.m */,
			);
			path = ShareView;
			sourceTree = "<group>";
		};
		DF17E29520F870E000FC8141 /* Network */ = {
			isa = PBXGroup;
			children = (
				DF64ADDF20FDCB050073019F /* AZNetworkManager.h */,
				DF64ADE020FDCB050073019F /* AZNetworkManager.m */,
				DF17E29920F8711D00FC8141 /* PortConstant.h */,
				DF17E29720F8711D00FC8141 /* PortConstant.m */,
				DF17E29820F8711D00FC8141 /* ParamConstant.h */,
				DF17E29620F8711D00FC8141 /* ParamConstant.m */,
			);
			path = Network;
			sourceTree = "<group>";
		};
		DF64ADE220FDCB7A0073019F /* MBProgressHUD+ */ = {
			isa = PBXGroup;
			children = (
				DF64ADE320FDCBAE0073019F /* MBProgressHUD+AZ.h */,
				DF64ADE420FDCBAE0073019F /* MBProgressHUD+AZ.m */,
			);
			path = "MBProgressHUD+";
			sourceTree = "<group>";
		};
		DF64ADE620FDE9980073019F /* Cart */ = {
			isa = PBXGroup;
			children = (
				DF64ADE920FDE9AA0073019F /* Model */,
				DF64ADE820FDE9A70073019F /* View */,
				DF64ADE720FDE9A20073019F /* Controller */,
			);
			path = Cart;
			sourceTree = "<group>";
		};
		DF64ADE720FDE9A20073019F /* Controller */ = {
			isa = PBXGroup;
			children = (
			);
			path = Controller;
			sourceTree = "<group>";
		};
		DF64ADE820FDE9A70073019F /* View */ = {
			isa = PBXGroup;
			children = (
			);
			path = View;
			sourceTree = "<group>";
		};
		DF64ADE920FDE9AA0073019F /* Model */ = {
			isa = PBXGroup;
			children = (
			);
			path = Model;
			sourceTree = "<group>";
		};
		DF9DDB6320F5CD1300C45C23 = {
			isa = PBXGroup;
			children = (
				DF9DDB6E20F5CD1300C45C23 /* Foundation */,
				DF9DDB8A20F5CD1400C45C23 /* FoundationTests */,
				DF9DDB9520F5CD1400C45C23 /* FoundationUITests */,
				DF9DDB6D20F5CD1300C45C23 /* Products */,
				BB7C3CCC925B6796D0AF6DE1 /* Pods */,
				0A079D7CAD8DBF856B93AF7F /* Frameworks */,
			);
			sourceTree = "<group>";
		};
		DF9DDB6D20F5CD1300C45C23 /* Products */ = {
			isa = PBXGroup;
			children = (
				DF9DDB6C20F5CD1300C45C23 /* Foundation.app */,
				DF9DDB8720F5CD1400C45C23 /* FoundationTests.xctest */,
				DF9DDB9220F5CD1400C45C23 /* FoundationUITests.xctest */,
			);
			name = Products;
			sourceTree = "<group>";
		};
		DF9DDB6E20F5CD1300C45C23 /* Foundation */ = {
			isa = PBXGroup;
			children = (
				DF9DDB6F20F5CD1300C45C23 /* AppDelegate.h */,
				DF9DDB7020F5CD1300C45C23 /* AppDelegate.m */,
				DF17E28F20F86F7D00FC8141 /* formatA.json */,
				DF17E29F20F89FA100FC8141 /* ViewController.h */,
				DF17E2A020F8A00100FC8141 /* ViewController.m */,
				DF17E28C20F86F7C00FC8141 /* ViewController.xib */,
				DF17E28D20F86F7D00FC8141 /* AViewController.h */,
				DF17E28E20F86F7D00FC8141 /* AViewController.m */,
				DF64ADDA20FD89450073019F /* AZBGColorDemoViewController.h */,
				DF64ADDB20FD89450073019F /* AZBGColorDemoViewController.m */,
				DF64ADDD20FD895A0073019F /* AZBGColorDemoViewController.storyboard */,
				DF64ADE620FDE9980073019F /* Cart */,
				DF9DDB7B20F5CD1400C45C23 /* Assets.xcassets */,
				DF9DDBAB20F5D00700C45C23 /* Base */,
				DF9DDBAA20F5D00000C45C23 /* Kits */,
				DF9DDBA920F5CFFB00C45C23 /* Constant */,
				DF9DDBA820F5CFF600C45C23 /* Extension */,
				DF9DDBA420F5CD6300C45C23 /* Main */,
			);
			path = Foundation;
			sourceTree = "<group>";
		};
		DF9DDB8A20F5CD1400C45C23 /* FoundationTests */ = {
			isa = PBXGroup;
			children = (
				DF9DDB8B20F5CD1400C45C23 /* FoundationTests.m */,
				DF9DDB8D20F5CD1400C45C23 /* Info.plist */,
			);
			path = FoundationTests;
			sourceTree = "<group>";
		};
		DF9DDB9520F5CD1400C45C23 /* FoundationUITests */ = {
			isa = PBXGroup;
			children = (
				DF9DDB9620F5CD1400C45C23 /* FoundationUITests.m */,
				DF9DDB9820F5CD1400C45C23 /* Info.plist */,
			);
			path = FoundationUITests;
			sourceTree = "<group>";
		};
		DF9DDBA420F5CD6300C45C23 /* Main */ = {
			isa = PBXGroup;
			children = (
				DF9DDBA720F5CDC000C45C23 /* PrefixHeader.pch */,
				DF9DDB7520F5CD1300C45C23 /* Main.storyboard */,
				DF9DDB7D20F5CD1400C45C23 /* LaunchScreen.storyboard */,
				DF9DDB8020F5CD1400C45C23 /* Info.plist */,
				DF9DDB8120F5CD1400C45C23 /* main.m */,
				DF9DDB7820F5CD1300C45C23 /* Foundation.xcdatamodeld */,
			);
			path = Main;
			sourceTree = "<group>";
		};
		DF9DDBA820F5CFF600C45C23 /* Extension */ = {
			isa = PBXGroup;
			children = (
				DF64ADD920FD886D0073019F /* ExtensionHeader.h */,
				DF9DDBB320F5D31600C45C23 /* ViewExtension */,
			);
			path = Extension;
			sourceTree = "<group>";
		};
		DF9DDBA920F5CFFB00C45C23 /* Constant */ = {
			isa = PBXGroup;
			children = (
				DF9DDBB520F5E18300C45C23 /* Macro */,
				DF9DDBB420F5D34200C45C23 /* Internationalization */,
			);
			path = Constant;
			sourceTree = "<group>";
		};
		DF9DDBAA20F5D00000C45C23 /* Kits */ = {
			isa = PBXGroup;
			children = (
				DF9DDBEB20F5FC0600C45C23 /* AZPublicToos.h */,
				DF9DDBEC20F5FC0600C45C23 /* AZPublicToos.m */,
				DF64ADE220FDCB7A0073019F /* MBProgressHUD+ */,
				DF17E29520F870E000FC8141 /* Network */,
				DF9DDBCD20F5E75D00C45C23 /* CodeAndDecode */,
			);
			path = Kits;
			sourceTree = "<group>";
		};
		DF9DDBAB20F5D00700C45C23 /* Base */ = {
			isa = PBXGroup;
			children = (
				DF9DDBDE20F5F02900C45C23 /* AZNavigationController.h */,
				DF9DDBDF20F5F02900C45C23 /* AZNavigationController.m */,
				DF9DDBE120F5F37300C45C23 /* AZViewController.h */,
				DF9DDBE220F5F37300C45C23 /* AZViewController.m */,
				DF9DDBE420F5F3B700C45C23 /* View */,
			);
			path = Base;
			sourceTree = "<group>";
		};
		DF9DDBB320F5D31600C45C23 /* ViewExtension */ = {
			isa = PBXGroup;
			children = (
				DF9DDBAD20F5D08400C45C23 /* UIColor+Category.h */,
				DF9DDBAE20F5D08400C45C23 /* UIColor+Category.m */,
				DF9DDBB020F5D0FA00C45C23 /* UIAlertController+Package.h */,
				DF9DDBB120F5D0FA00C45C23 /* UIAlertController+Package.m */,
				DF64ADD620FD882D0073019F /* UINavigationBar+Awesome.h */,
				DF64ADD720FD882D0073019F /* UINavigationBar+Awesome.m */,
			);
			path = ViewExtension;
			sourceTree = "<group>";
		};
		DF9DDBB420F5D34200C45C23 /* Internationalization */ = {
			isa = PBXGroup;
			children = (
				DF9DDBBD20F5E35500C45C23 /* InfoPlist.strings */,
				DF9DDBCA20F5E57C00C45C23 /* Localizable.strings */,
			);
			path = Internationalization;
			sourceTree = "<group>";
		};
		DF9DDBB520F5E18300C45C23 /* Macro */ = {
			isa = PBXGroup;
			children = (
				DF9DDBB620F5E19F00C45C23 /* MarcoHeader.h */,
				DF9DDBB720F5E1B500C45C23 /* ColorMarcoHeader.h */,
				DF9DDBB820F5E1D400C45C23 /* ScreenSizeMarcoHeader.h */,
			);
			path = Macro;
			sourceTree = "<group>";
		};
		DF9DDBCD20F5E75D00C45C23 /* CodeAndDecode */ = {
			isa = PBXGroup;
			children = (
				DF9DDBD820F5EB8100C45C23 /* NSString+Secret.h */,
				DF9DDBD920F5EB8100C45C23 /* NSString+Secret.m */,
				DF9DDBD520F5E89D00C45C23 /* NSString+Base64After3DES.h */,
				DF9DDBD620F5E89D00C45C23 /* NSString+Base64After3DES.m */,
				DF9DDBCF20F5E77400C45C23 /* GTMDefines.h */,
				DF9DDBD120F5E77500C45C23 /* GTMBase64.h */,
				DF9DDBD020F5E77400C45C23 /* GTMBase64.m */,
				DF9DDBCE20F5E77400C45C23 /* JKEncrypt.h */,
				DF9DDBD220F5E77500C45C23 /* JKEncrypt.m */,
			);
			path = CodeAndDecode;
			sourceTree = "<group>";
		};
		DF9DDBE420F5F3B700C45C23 /* View */ = {
			isa = PBXGroup;
			children = (
				DF17E28120F86A9900FC8141 /* ShareView */,
				DF9DDBE520F5F40A00C45C23 /* UICustomBarBtnItem.h */,
				DF9DDBE620F5F40A00C45C23 /* UICustomBarBtnItem.m */,
				DF9DDBE820F5F5AA00C45C23 /* AZBlankView.h */,
				DF9DDBE920F5F5AA00C45C23 /* AZBlankView.m */,
			);
			path = View;
			sourceTree = "<group>";
		};
/* End PBXGroup section */

/* Begin PBXNativeTarget section */
		DF9DDB6B20F5CD1300C45C23 /* Foundation */ = {
			isa = PBXNativeTarget;
			buildConfigurationList = DF9DDB9B20F5CD1400C45C23 /* Build configuration list for PBXNativeTarget "Foundation" */;
			buildPhases = (
				4527CF7892B4B3A6E49C3172 /* [CP] Check Pods Manifest.lock */,
				DF9DDB6820F5CD1300C45C23 /* Sources */,
				DF9DDB6920F5CD1300C45C23 /* Frameworks */,
				DF9DDB6A20F5CD1300C45C23 /* Resources */,
				17DC8679CDF9DF9F8045813F /* [CP] Copy Pods Resources */,
			);
			buildRules = (
			);
			dependencies = (
			);
			name = Foundation;
			productName = Foundation;
			productReference = DF9DDB6C20F5CD1300C45C23 /* Foundation.app */;
			productType = "com.apple.product-type.application";
		};
		DF9DDB8620F5CD1400C45C23 /* FoundationTests */ = {
			isa = PBXNativeTarget;
			buildConfigurationList = DF9DDB9E20F5CD1400C45C23 /* Build configuration list for PBXNativeTarget "FoundationTests" */;
			buildPhases = (
				DF9DDB8320F5CD1400C45C23 /* Sources */,
				DF9DDB8420F5CD1400C45C23 /* Frameworks */,
				DF9DDB8520F5CD1400C45C23 /* Resources */,
			);
			buildRules = (
			);
			dependencies = (
				DF9DDB8920F5CD1400C45C23 /* PBXTargetDependency */,
			);
			name = FoundationTests;
			productName = FoundationTests;
			productReference = DF9DDB8720F5CD1400C45C23 /* FoundationTests.xctest */;
			productType = "com.apple.product-type.bundle.unit-test";
		};
		DF9DDB9120F5CD1400C45C23 /* FoundationUITests */ = {
			isa = PBXNativeTarget;
			buildConfigurationList = DF9DDBA120F5CD1400C45C23 /* Build configuration list for PBXNativeTarget "FoundationUITests" */;
			buildPhases = (
				DF9DDB8E20F5CD1400C45C23 /* Sources */,
				DF9DDB8F20F5CD1400C45C23 /* Frameworks */,
				DF9DDB9020F5CD1400C45C23 /* Resources */,
			);
			buildRules = (
			);
			dependencies = (
				DF9DDB9420F5CD1400C45C23 /* PBXTargetDependency */,
			);
			name = FoundationUITests;
			productName = FoundationUITests;
			productReference = DF9DDB9220F5CD1400C45C23 /* FoundationUITests.xctest */;
			productType = "com.apple.product-type.bundle.ui-testing";
		};
/* End PBXNativeTarget section */

/* Begin PBXProject section */
		DF9DDB6420F5CD1300C45C23 /* Project object */ = {
			isa = PBXProject;
			attributes = {
				CLASSPREFIX = AZ;
				LastUpgradeCheck = 0940;
				ORGANIZATIONNAME = AnatoleZhou;
				TargetAttributes = {
					DF9DDB6B20F5CD1300C45C23 = {
						CreatedOnToolsVersion = 9.4.1;
					};
					DF9DDB8620F5CD1400C45C23 = {
						CreatedOnToolsVersion = 9.4.1;
						TestTargetID = DF9DDB6B20F5CD1300C45C23;
					};
					DF9DDB9120F5CD1400C45C23 = {
						CreatedOnToolsVersion = 9.4.1;
						TestTargetID = DF9DDB6B20F5CD1300C45C23;
					};
				};
			};
			buildConfigurationList = DF9DDB6720F5CD1300C45C23 /* Build configuration list for PBXProject "Foundation" */;
			compatibilityVersion = "Xcode 9.3";
			developmentRegion = en;
			hasScannedForEncodings = 0;
			knownRegions = (
				en,
				Base,
				"zh-Hans",
				"zh-Hant",
			);
			mainGroup = DF9DDB6320F5CD1300C45C23;
			productRefGroup = DF9DDB6D20F5CD1300C45C23 /* Products */;
			projectDirPath = "";
			projectRoot = "";
			targets = (
				DF9DDB6B20F5CD1300C45C23 /* Foundation */,
				DF9DDB8620F5CD1400C45C23 /* FoundationTests */,
				DF9DDB9120F5CD1400C45C23 /* FoundationUITests */,
			);
		};
/* End PBXProject section */

/* Begin PBXResourcesBuildPhase section */
		DF9DDB6A20F5CD1300C45C23 /* Resources */ = {
			isa = PBXResourcesBuildPhase;
			buildActionMask = 2147483647;
			files = (
				DF17E29120F86F7E00FC8141 /* ViewController.xib in Resources */,
				DF9DDB7F20F5CD1400C45C23 /* LaunchScreen.storyboard in Resources */,
				DF9DDBC820F5E57C00C45C23 /* Localizable.strings in Resources */,
				DF9DDB7C20F5CD1400C45C23 /* Assets.xcassets in Resources */,
				DF64ADDE20FD895A0073019F /* AZBGColorDemoViewController.storyboard in Resources */,
				DF9DDB7720F5CD1300C45C23 /* Main.storyboard in Resources */,
				DF17E29320F86F7E00FC8141 /* formatA.json in Resources */,
				DF9DDBBB20F5E35500C45C23 /* InfoPlist.strings in Resources */,
			);
			runOnlyForDeploymentPostprocessing = 0;
		};
		DF9DDB8520F5CD1400C45C23 /* Resources */ = {
			isa = PBXResourcesBuildPhase;
			buildActionMask = 2147483647;
			files = (
			);
			runOnlyForDeploymentPostprocessing = 0;
		};
		DF9DDB9020F5CD1400C45C23 /* Resources */ = {
			isa = PBXResourcesBuildPhase;
			buildActionMask = 2147483647;
			files = (
			);
			runOnlyForDeploymentPostprocessing = 0;
		};
/* End PBXResourcesBuildPhase section */

/* Begin PBXShellScriptBuildPhase section */
		17DC8679CDF9DF9F8045813F /* [CP] Copy Pods Resources */ = {
			isa = PBXShellScriptBuildPhase;
			buildActionMask = 2147483647;
			files = (
			);
			inputPaths = (
				"${SRCROOT}/Pods/Target Support Files/Pods-Foundation/Pods-Foundation-resources.sh",
				"${PODS_ROOT}/IQKeyboardManager/IQKeyboardManager/Resources/IQKeyboardManager.bundle",
				"${PODS_ROOT}/MJRefresh/MJRefresh/MJRefresh.bundle",
			);
			name = "[CP] Copy Pods Resources";
			outputPaths = (
				"${TARGET_BUILD_DIR}/${UNLOCALIZED_RESOURCES_FOLDER_PATH}/IQKeyboardManager.bundle",
				"${TARGET_BUILD_DIR}/${UNLOCALIZED_RESOURCES_FOLDER_PATH}/MJRefresh.bundle",
			);
			runOnlyForDeploymentPostprocessing = 0;
			shellPath = /bin/sh;
			shellScript = "\"${SRCROOT}/Pods/Target Support Files/Pods-Foundation/Pods-Foundation-resources.sh\"\n";
			showEnvVarsInLog = 0;
		};
		4527CF7892B4B3A6E49C3172 /* [CP] Check Pods Manifest.lock */ = {
			isa = PBXShellScriptBuildPhase;
			buildActionMask = 2147483647;
			files = (
			);
			inputPaths = (
				"${PODS_PODFILE_DIR_PATH}/Podfile.lock",
				"${PODS_ROOT}/Manifest.lock",
			);
			name = "[CP] Check Pods Manifest.lock";
			outputPaths = (
				"$(DERIVED_FILE_DIR)/Pods-Foundation-checkManifestLockResult.txt",
			);
			runOnlyForDeploymentPostprocessing = 0;
			shellPath = /bin/sh;
			shellScript = "diff \"${PODS_PODFILE_DIR_PATH}/Podfile.lock\" \"${PODS_ROOT}/Manifest.lock\" > /dev/null\nif [ $? != 0 ] ; then\n    # print error to STDERR\n    echo \"error: The sandbox is not in sync with the Podfile.lock. Run 'pod install' or update your CocoaPods installation.\" >&2\n    exit 1\nfi\n# This output is used by Xcode 'outputs' to avoid re-running this script phase.\necho \"SUCCESS\" > \"${SCRIPT_OUTPUT_FILE_0}\"\n";
			showEnvVarsInLog = 0;
		};
/* End PBXShellScriptBuildPhase section */

/* Begin PBXSourcesBuildPhase section */
		DF9DDB6820F5CD1300C45C23 /* Sources */ = {
			isa = PBXSourcesBuildPhase;
			buildActionMask = 2147483647;
			files = (
				DF17E2A120F8A00100FC8141 /* ViewController.m in Sources */,
				DF9DDBD420F5E77500C45C23 /* JKEncrypt.m in Sources */,
				DF9DDBDA20F5EB8100C45C23 /* NSString+Secret.m in Sources */,
				DF9DDBB220F5D0FA00C45C23 /* UIAlertController+Package.m in Sources */,
				DF9DDBD720F5E89D00C45C23 /* NSString+Base64After3DES.m in Sources */,
				DF9DDB7A20F5CD1300C45C23 /* Foundation.xcdatamodeld in Sources */,
				DF64ADDC20FD89450073019F /* AZBGColorDemoViewController.m in Sources */,
				DF9DDBED20F5FC0600C45C23 /* AZPublicToos.m in Sources */,
				DF17E28A20F86A9A00FC8141 /* ShareTableViewCell.m in Sources */,
				DF9DDB8220F5CD1400C45C23 /* main.m in Sources */,
				DF9DDBE320F5F37300C45C23 /* AZViewController.m in Sources */,
				DF17E29A20F8711D00FC8141 /* ParamConstant.m in Sources */,
				DF17E29220F86F7E00FC8141 /* AViewController.m in Sources */,
				DF64ADE120FDCB050073019F /* AZNetworkManager.m in Sources */,
				DF9DDBEA20F5F5AA00C45C23 /* AZBlankView.m in Sources */,
				DF9DDBE720F5F40A00C45C23 /* UICustomBarBtnItem.m in Sources */,
				DF64ADE520FDCBAE0073019F /* MBProgressHUD+AZ.m in Sources */,
				DF9DDB7120F5CD1300C45C23 /* AppDelegate.m in Sources */,
				DF17E28820F86A9A00FC8141 /* YSActionSheetView.m in Sources */,
				DF17E28920F86A9A00FC8141 /* YSActionSheetButton.m in Sources */,
				DF9DDBAF20F5D08400C45C23 /* UIColor+Category.m in Sources */,
				DF9DDBE020F5F02900C45C23 /* AZNavigationController.m in Sources */,
				DF64ADD820FD882E0073019F /* UINavigationBar+Awesome.m in Sources */,
				DF17E29B20F8711D00FC8141 /* PortConstant.m in Sources */,
				DF9DDBD320F5E77500C45C23 /* GTMBase64.m in Sources */,
			);
			runOnlyForDeploymentPostprocessing = 0;
		};
		DF9DDB8320F5CD1400C45C23 /* Sources */ = {
			isa = PBXSourcesBuildPhase;
			buildActionMask = 2147483647;
			files = (
				DF9DDB8C20F5CD1400C45C23 /* FoundationTests.m in Sources */,
			);
			runOnlyForDeploymentPostprocessing = 0;
		};
		DF9DDB8E20F5CD1400C45C23 /* Sources */ = {
			isa = PBXSourcesBuildPhase;
			buildActionMask = 2147483647;
			files = (
				DF9DDB9720F5CD1400C45C23 /* FoundationUITests.m in Sources */,
			);
			runOnlyForDeploymentPostprocessing = 0;
		};
/* End PBXSourcesBuildPhase section */

/* Begin PBXTargetDependency section */
		DF9DDB8920F5CD1400C45C23 /* PBXTargetDependency */ = {
			isa = PBXTargetDependency;
			target = DF9DDB6B20F5CD1300C45C23 /* Foundation */;
			targetProxy = DF9DDB8820F5CD1400C45C23 /* PBXContainerItemProxy */;
		};
		DF9DDB9420F5CD1400C45C23 /* PBXTargetDependency */ = {
			isa = PBXTargetDependency;
			target = DF9DDB6B20F5CD1300C45C23 /* Foundation */;
			targetProxy = DF9DDB9320F5CD1400C45C23 /* PBXContainerItemProxy */;
		};
/* End PBXTargetDependency section */

/* Begin PBXVariantGroup section */
		DF9DDB7520F5CD1300C45C23 /* Main.storyboard */ = {
			isa = PBXVariantGroup;
			children = (
				DF9DDB7620F5CD1300C45C23 /* Base */,
				DF9DDBC020F5E4A400C45C23 /* zh-Hans */,
				DF9DDBC320F5E4AE00C45C23 /* zh-Hant */,
			);
			name = Main.storyboard;
			sourceTree = "<group>";
		};
		DF9DDB7D20F5CD1400C45C23 /* LaunchScreen.storyboard */ = {
			isa = PBXVariantGroup;
			children = (
				DF9DDB7E20F5CD1400C45C23 /* Base */,
				DF9DDBC120F5E4A400C45C23 /* zh-Hans */,
				DF9DDBC420F5E4AE00C45C23 /* zh-Hant */,
			);
			name = LaunchScreen.storyboard;
			sourceTree = "<group>";
		};
		DF9DDBBD20F5E35500C45C23 /* InfoPlist.strings */ = {
			isa = PBXVariantGroup;
			children = (
				DF9DDBBF20F5E3FA00C45C23 /* en */,
				DF9DDBC220F5E4A400C45C23 /* zh-Hans */,
				DF9DDBC520F5E4AE00C45C23 /* zh-Hant */,
			);
			name = InfoPlist.strings;
			sourceTree = "<group>";
		};
		DF9DDBCA20F5E57C00C45C23 /* Localizable.strings */ = {
			isa = PBXVariantGroup;
			children = (
				DF9DDBC920F5E57C00C45C23 /* en */,
				DF9DDBCB20F5E57F00C45C23 /* zh-Hans */,
				DF9DDBCC20F5E58000C45C23 /* zh-Hant */,
			);
			name = Localizable.strings;
			sourceTree = "<group>";
		};
/* End PBXVariantGroup section */

/* Begin XCBuildConfiguration section */
		DF9DDB9920F5CD1400C45C23 /* Debug */ = {
			isa = XCBuildConfiguration;
			buildSettings = {
				ALWAYS_SEARCH_USER_PATHS = NO;
				CLANG_ANALYZER_LOCALIZABILITY_NONLOCALIZED = YES;
				CLANG_ANALYZER_NONNULL = YES;
				CLANG_ANALYZER_NUMBER_OBJECT_CONVERSION = YES_AGGRESSIVE;
				CLANG_CXX_LANGUAGE_STANDARD = "gnu++14";
				CLANG_CXX_LIBRARY = "libc++";
				CLANG_ENABLE_MODULES = YES;
				CLANG_ENABLE_OBJC_ARC = YES;
				CLANG_ENABLE_OBJC_WEAK = YES;
				CLANG_WARN_BLOCK_CAPTURE_AUTORELEASING = YES;
				CLANG_WARN_BOOL_CONVERSION = YES;
				CLANG_WARN_COMMA = YES;
				CLANG_WARN_CONSTANT_CONVERSION = YES;
				CLANG_WARN_DEPRECATED_OBJC_IMPLEMENTATIONS = YES;
				CLANG_WARN_DIRECT_OBJC_ISA_USAGE = YES_ERROR;
				CLANG_WARN_DOCUMENTATION_COMMENTS = YES;
				CLANG_WARN_EMPTY_BODY = YES;
				CLANG_WARN_ENUM_CONVERSION = YES;
				CLANG_WARN_INFINITE_RECURSION = YES;
				CLANG_WARN_INT_CONVERSION = YES;
				CLANG_WARN_NON_LITERAL_NULL_CONVERSION = YES;
				CLANG_WARN_OBJC_IMPLICIT_RETAIN_SELF = YES;
				CLANG_WARN_OBJC_LITERAL_CONVERSION = YES;
				CLANG_WARN_OBJC_ROOT_CLASS = YES_ERROR;
				CLANG_WARN_RANGE_LOOP_ANALYSIS = YES;
				CLANG_WARN_STRICT_PROTOTYPES = YES;
				CLANG_WARN_SUSPICIOUS_MOVE = YES;
				CLANG_WARN_UNGUARDED_AVAILABILITY = YES_AGGRESSIVE;
				CLANG_WARN_UNREACHABLE_CODE = YES;
				CLANG_WARN__DUPLICATE_METHOD_MATCH = YES;
				CODE_SIGN_IDENTITY = "iPhone Developer";
				COPY_PHASE_STRIP = NO;
				DEBUG_INFORMATION_FORMAT = dwarf;
				ENABLE_STRICT_OBJC_MSGSEND = YES;
				ENABLE_TESTABILITY = YES;
				GCC_C_LANGUAGE_STANDARD = gnu11;
				GCC_DYNAMIC_NO_PIC = NO;
				GCC_NO_COMMON_BLOCKS = YES;
				GCC_OPTIMIZATION_LEVEL = 0;
				GCC_PREPROCESSOR_DEFINITIONS = (
					"DEBUG=1",
					"$(inherited)",
				);
				GCC_WARN_64_TO_32_BIT_CONVERSION = YES;
				GCC_WARN_ABOUT_RETURN_TYPE = YES_ERROR;
				GCC_WARN_UNDECLARED_SELECTOR = YES;
				GCC_WARN_UNINITIALIZED_AUTOS = YES_AGGRESSIVE;
				GCC_WARN_UNUSED_FUNCTION = YES;
				GCC_WARN_UNUSED_VARIABLE = YES;
				IPHONEOS_DEPLOYMENT_TARGET = 11.4;
				MTL_ENABLE_DEBUG_INFO = YES;
				ONLY_ACTIVE_ARCH = YES;
				SDKROOT = iphoneos;
			};
			name = Debug;
		};
		DF9DDB9A20F5CD1400C45C23 /* Release */ = {
			isa = XCBuildConfiguration;
			buildSettings = {
				ALWAYS_SEARCH_USER_PATHS = NO;
				CLANG_ANALYZER_LOCALIZABILITY_NONLOCALIZED = YES;
				CLANG_ANALYZER_NONNULL = YES;
				CLANG_ANALYZER_NUMBER_OBJECT_CONVERSION = YES_AGGRESSIVE;
				CLANG_CXX_LANGUAGE_STANDARD = "gnu++14";
				CLANG_CXX_LIBRARY = "libc++";
				CLANG_ENABLE_MODULES = YES;
				CLANG_ENABLE_OBJC_ARC = YES;
				CLANG_ENABLE_OBJC_WEAK = YES;
				CLANG_WARN_BLOCK_CAPTURE_AUTORELEASING = YES;
				CLANG_WARN_BOOL_CONVERSION = YES;
				CLANG_WARN_COMMA = YES;
				CLANG_WARN_CONSTANT_CONVERSION = YES;
				CLANG_WARN_DEPRECATED_OBJC_IMPLEMENTATIONS = YES;
				CLANG_WARN_DIRECT_OBJC_ISA_USAGE = YES_ERROR;
				CLANG_WARN_DOCUMENTATION_COMMENTS = YES;
				CLANG_WARN_EMPTY_BODY = YES;
				CLANG_WARN_ENUM_CONVERSION = YES;
				CLANG_WARN_INFINITE_RECURSION = YES;
				CLANG_WARN_INT_CONVERSION = YES;
				CLANG_WARN_NON_LITERAL_NULL_CONVERSION = YES;
				CLANG_WARN_OBJC_IMPLICIT_RETAIN_SELF = YES;
				CLANG_WARN_OBJC_LITERAL_CONVERSION = YES;
				CLANG_WARN_OBJC_ROOT_CLASS = YES_ERROR;
				CLANG_WARN_RANGE_LOOP_ANALYSIS = YES;
				CLANG_WARN_STRICT_PROTOTYPES = YES;
				CLANG_WARN_SUSPICIOUS_MOVE = YES;
				CLANG_WARN_UNGUARDED_AVAILABILITY = YES_AGGRESSIVE;
				CLANG_WARN_UNREACHABLE_CODE = YES;
				CLANG_WARN__DUPLICATE_METHOD_MATCH = YES;
				CODE_SIGN_IDENTITY = "iPhone Developer";
				COPY_PHASE_STRIP = NO;
				DEBUG_INFORMATION_FORMAT = "dwarf-with-dsym";
				ENABLE_NS_ASSERTIONS = NO;
				ENABLE_STRICT_OBJC_MSGSEND = YES;
				GCC_C_LANGUAGE_STANDARD = gnu11;
				GCC_NO_COMMON_BLOCKS = YES;
				GCC_WARN_64_TO_32_BIT_CONVERSION = YES;
				GCC_WARN_ABOUT_RETURN_TYPE = YES_ERROR;
				GCC_WARN_UNDECLARED_SELECTOR = YES;
				GCC_WARN_UNINITIALIZED_AUTOS = YES_AGGRESSIVE;
				GCC_WARN_UNUSED_FUNCTION = YES;
				GCC_WARN_UNUSED_VARIABLE = YES;
				IPHONEOS_DEPLOYMENT_TARGET = 11.4;
				MTL_ENABLE_DEBUG_INFO = NO;
				SDKROOT = iphoneos;
				VALIDATE_PRODUCT = YES;
			};
			name = Release;
		};
		DF9DDB9C20F5CD1400C45C23 /* Debug */ = {
			isa = XCBuildConfiguration;
			baseConfigurationReference = 46F52D2C7B4C1B85C33D0A74 /* Pods-Foundation.debug.xcconfig */;
			buildSettings = {
				ASSETCATALOG_COMPILER_APPICON_NAME = AppIcon;
				CODE_SIGN_STYLE = Automatic;
				GCC_PREFIX_HEADER = "$(SRCROOT)/Foundation/Main/PrefixHeader.pch";
				INFOPLIST_FILE = Foundation/Main/Info.plist;
				LD_RUNPATH_SEARCH_PATHS = (
					"$(inherited)",
					"@executable_path/Frameworks",
				);
				PRODUCT_BUNDLE_IDENTIFIER = AnatoleZhou.Foundation;
				PRODUCT_NAME = "$(TARGET_NAME)";
				TARGETED_DEVICE_FAMILY = "1,2";
			};
			name = Debug;
		};
		DF9DDB9D20F5CD1400C45C23 /* Release */ = {
			isa = XCBuildConfiguration;
			baseConfigurationReference = 0D64D39F0AA23E3A41A29B34 /* Pods-Foundation.release.xcconfig */;
			buildSettings = {
				ASSETCATALOG_COMPILER_APPICON_NAME = AppIcon;
				CODE_SIGN_STYLE = Automatic;
				GCC_PREFIX_HEADER = "$(SRCROOT)/Foundation/Main/PrefixHeader.pch";
				INFOPLIST_FILE = Foundation/Main/Info.plist;
				LD_RUNPATH_SEARCH_PATHS = (
					"$(inherited)",
					"@executable_path/Frameworks",
				);
				PRODUCT_BUNDLE_IDENTIFIER = AnatoleZhou.Foundation;
				PRODUCT_NAME = "$(TARGET_NAME)";
				TARGETED_DEVICE_FAMILY = "1,2";
			};
			name = Release;
		};
		DF9DDB9F20F5CD1400C45C23 /* Debug */ = {
			isa = XCBuildConfiguration;
			buildSettings = {
				BUNDLE_LOADER = "$(TEST_HOST)";
				CODE_SIGN_STYLE = Automatic;
				INFOPLIST_FILE = FoundationTests/Info.plist;
				LD_RUNPATH_SEARCH_PATHS = (
					"$(inherited)",
					"@executable_path/Frameworks",
					"@loader_path/Frameworks",
				);
				PRODUCT_BUNDLE_IDENTIFIER = AnatoleZhou.FoundationTests;
				PRODUCT_NAME = "$(TARGET_NAME)";
				TARGETED_DEVICE_FAMILY = "1,2";
				TEST_HOST = "$(BUILT_PRODUCTS_DIR)/Foundation.app/Foundation";
			};
			name = Debug;
		};
		DF9DDBA020F5CD1400C45C23 /* Release */ = {
			isa = XCBuildConfiguration;
			buildSettings = {
				BUNDLE_LOADER = "$(TEST_HOST)";
				CODE_SIGN_STYLE = Automatic;
				INFOPLIST_FILE = FoundationTests/Info.plist;
				LD_RUNPATH_SEARCH_PATHS = (
					"$(inherited)",
					"@executable_path/Frameworks",
					"@loader_path/Frameworks",
				);
				PRODUCT_BUNDLE_IDENTIFIER = AnatoleZhou.FoundationTests;
				PRODUCT_NAME = "$(TARGET_NAME)";
				TARGETED_DEVICE_FAMILY = "1,2";
				TEST_HOST = "$(BUILT_PRODUCTS_DIR)/Foundation.app/Foundation";
			};
			name = Release;
		};
		DF9DDBA220F5CD1400C45C23 /* Debug */ = {
			isa = XCBuildConfiguration;
			buildSettings = {
				CODE_SIGN_STYLE = Automatic;
				INFOPLIST_FILE = FoundationUITests/Info.plist;
				LD_RUNPATH_SEARCH_PATHS = (
					"$(inherited)",
					"@executable_path/Frameworks",
					"@loader_path/Frameworks",
				);
				PRODUCT_BUNDLE_IDENTIFIER = AnatoleZhou.FoundationUITests;
				PRODUCT_NAME = "$(TARGET_NAME)";
				TARGETED_DEVICE_FAMILY = "1,2";
				TEST_TARGET_NAME = Foundation;
			};
			name = Debug;
		};
		DF9DDBA320F5CD1400C45C23 /* Release */ = {
			isa = XCBuildConfiguration;
			buildSettings = {
				CODE_SIGN_STYLE = Automatic;
				INFOPLIST_FILE = FoundationUITests/Info.plist;
				LD_RUNPATH_SEARCH_PATHS = (
					"$(inherited)",
					"@executable_path/Frameworks",
					"@loader_path/Frameworks",
				);
				PRODUCT_BUNDLE_IDENTIFIER = AnatoleZhou.FoundationUITests;
				PRODUCT_NAME = "$(TARGET_NAME)";
				TARGETED_DEVICE_FAMILY = "1,2";
				TEST_TARGET_NAME = Foundation;
			};
			name = Release;
		};
/* End XCBuildConfiguration section */

/* Begin XCConfigurationList section */
		DF9DDB6720F5CD1300C45C23 /* Build configuration list for PBXProject "Foundation" */ = {
			isa = XCConfigurationList;
			buildConfigurations = (
				DF9DDB9920F5CD1400C45C23 /* Debug */,
				DF9DDB9A20F5CD1400C45C23 /* Release */,
			);
			defaultConfigurationIsVisible = 0;
			defaultConfigurationName = Release;
		};
		DF9DDB9B20F5CD1400C45C23 /* Build configuration list for PBXNativeTarget "Foundation" */ = {
			isa = XCConfigurationList;
			buildConfigurations = (
				DF9DDB9C20F5CD1400C45C23 /* Debug */,
				DF9DDB9D20F5CD1400C45C23 /* Release */,
			);
			defaultConfigurationIsVisible = 0;
			defaultConfigurationName = Release;
		};
		DF9DDB9E20F5CD1400C45C23 /* Build configuration list for PBXNativeTarget "FoundationTests" */ = {
			isa = XCConfigurationList;
			buildConfigurations = (
				DF9DDB9F20F5CD1400C45C23 /* Debug */,
				DF9DDBA020F5CD1400C45C23 /* Release */,
			);
			defaultConfigurationIsVisible = 0;
			defaultConfigurationName = Release;
		};
		DF9DDBA120F5CD1400C45C23 /* Build configuration list for PBXNativeTarget "FoundationUITests" */ = {
			isa = XCConfigurationList;
			buildConfigurations = (
				DF9DDBA220F5CD1400C45C23 /* Debug */,
				DF9DDBA320F5CD1400C45C23 /* Release */,
			);
			defaultConfigurationIsVisible = 0;
			defaultConfigurationName = Release;
		};
/* End XCConfigurationList section */

/* Begin XCVersionGroup section */
		DF9DDB7820F5CD1300C45C23 /* Foundation.xcdatamodeld */ = {
			isa = XCVersionGroup;
			children = (
				DF9DDB7920F5CD1300C45C23 /* Foundation.xcdatamodel */,
			);
			currentVersion = DF9DDB7920F5CD1300C45C23 /* Foundation.xcdatamodel */;
			path = Foundation.xcdatamodeld;
			sourceTree = "<group>";
			versionGroupType = wrapper.xcdatamodel;
		};
/* End XCVersionGroup section */
	};
	rootObject = DF9DDB6420F5CD1300C45C23 /* Project object */;
}
